
Microsoft Visual Studio Solution File, Format Version 12.00
# Visual Studio Version 16
VisualStudioVersion = 16.0.29613.14
MinimumVisualStudioVersion = 10.0.40219.1
Project("{FAE04EC0-301F-11D3-BF4B-00C04F79EFBC}") = "GUI", "GUI.csproj", "{98903C06-C09E-4516-A3AE-DAE25CF33969}"
EndProject
Global
	GlobalSection(SolutionConfigurationPlatforms) = preSolution
		Debug|Any CPU = Debug|Any CPU
		Release|Any CPU = Release|Any CPU
	EndGlobalSection
	GlobalSection(ProjectConfigurationPlatforms) = postSolution
		{98903C06-C09E-4516-A3AE-DAE25CF33969}.Debug|Any CPU.ActiveCfg = Debug|Any CPU
		{98903C06-C09E-4516-A3AE-DAE25CF33969}.Debug|Any CPU.Build.0 = Debug|Any CPU
		{98903C06-C09E-4516-A3AE-DAE25CF33969}.Release|Any CPU.ActiveCfg = Release|Any CPU
		{98903C06-C09E-4516-A3AE-DAE25CF33969}.Release|Any CPU.Build.0 = Release|Any CPU
	EndGlobalSection
	GlobalSection(SolutionProperties) = preSolution
		HideSolutionNode = FALSE
	EndGlobalSection
	GlobalSection(ExtensibilityGlobals) = postSolution
		SolutionGuid = {B50B1969-EB75-48BF-BE2C-0665D349007A}
	EndGlobalSection
EndGlobal
